
Microsoft Visual Studio Solution File, Format Version 12.00
# Visual Studio Version 17
VisualStudioVersion = 17.0.31919.166
MinimumVisualStudioVersion = 10.0.40219.1
Project("{FAE04EC0-301F-11D3-BF4B-00C04F79EFBC}") = "ParallelApp.Server", "ParallelApp\Server\ParallelApp.Server.csproj", "{B211625B-E4F7-485F-85D1-8C6A3D85E2F2}"
EndProject
Project("{FAE04EC0-301F-11D3-BF4B-00C04F79EFBC}") = "ParallelApp.Client", "ParallelApp\Client\ParallelApp.Client.csproj", "{A837C9D6-10D1-40DB-8EFC-14B6A3BC05DF}"
EndProject
Project("{FAE04EC0-301F-11D3-BF4B-00C04F79EFBC}") = "ParallelApp.Shared", "ParallelApp\Shared\ParallelApp.Shared.csproj", "{9775B039-E88A-447B-807B-285DB90FB560}"
EndProject
Global
	GlobalSection(SolutionConfigurationPlatforms) = preSolution
		Debug|Any CPU = Debug|Any CPU
		Release|Any CPU = Release|Any CPU
	EndGlobalSection
	GlobalSection(ProjectConfigurationPlatforms) = postSolution
		{B211625B-E4F7-485F-85D1-8C6A3D85E2F2}.Debug|Any CPU.ActiveCfg = Debug|Any CPU
		{B211625B-E4F7-485F-85D1-8C6A3D85E2F2}.Debug|Any CPU.Build.0 = Debug|Any CPU
		{B211625B-E4F7-485F-85D1-8C6A3D85E2F2}.Release|Any CPU.ActiveCfg = Release|Any CPU
		{B211625B-E4F7-485F-85D1-8C6A3D85E2F2}.Release|Any CPU.Build.0 = Release|Any CPU
		{A837C9D6-10D1-40DB-8EFC-14B6A3BC05DF}.Debug|Any CPU.ActiveCfg = Debug|Any CPU
		{A837C9D6-10D1-40DB-8EFC-14B6A3BC05DF}.Debug|Any CPU.Build.0 = Debug|Any CPU
		{A837C9D6-10D1-40DB-8EFC-14B6A3BC05DF}.Release|Any CPU.ActiveCfg = Release|Any CPU
		{A837C9D6-10D1-40DB-8EFC-14B6A3BC05DF}.Release|Any CPU.Build.0 = Release|Any CPU
		{9775B039-E88A-447B-807B-285DB90FB560}.Debug|Any CPU.ActiveCfg = Debug|Any CPU
		{9775B039-E88A-447B-807B-285DB90FB560}.Debug|Any CPU.Build.0 = Debug|Any CPU
		{9775B039-E88A-447B-807B-285DB90FB560}.Release|Any CPU.ActiveCfg = Release|Any CPU
		{9775B039-E88A-447B-807B-285DB90FB560}.Release|Any CPU.Build.0 = Release|Any CPU
	EndGlobalSection
	GlobalSection(SolutionProperties) = preSolution
		HideSolutionNode = FALSE
	EndGlobalSection
	GlobalSection(ExtensibilityGlobals) = postSolution
		SolutionGuid = {F25AC5D4-686C-4021-A4B1-84C41BEF10E9}
	EndGlobalSection
EndGlobal
